
Microsoft Visual Studio Solution File, Format Version 12.00
# Visual Studio Version 16
VisualStudioVersion = 16.0.31424.327
MinimumVisualStudioVersion = 10.0.40219.1
Project("{FAE04EC0-301F-11D3-BF4B-00C04F79EFBC}") = "GusHelper", "GusHelper\GusHelper.csproj", "{838DFAAC-76AB-400C-9FAF-475FD76EEE5B}"
EndProject
Project("{FAE04EC0-301F-11D3-BF4B-00C04F79EFBC}") = "GusHelper.Test", "GusHelper.Test\GusHelper.Test.csproj", "{81C52B9A-C6DC-4975-BD34-3D1B29ABEBAB}"
EndProject
Global
	GlobalSection(SolutionConfigurationPlatforms) = preSolution
		Debug|Any CPU = Debug|Any CPU
		Release|Any CPU = Release|Any CPU
	EndGlobalSection
	GlobalSection(ProjectConfigurationPlatforms) = postSolution
		{838DFAAC-76AB-400C-9FAF-475FD76EEE5B}.Debug|Any CPU.ActiveCfg = Debug|Any CPU
		{838DFAAC-76AB-400C-9FAF-475FD76EEE5B}.Debug|Any CPU.Build.0 = Debug|Any CPU
		{838DFAAC-76AB-400C-9FAF-475FD76EEE5B}.Release|Any CPU.ActiveCfg = Release|Any CPU
		{838DFAAC-76AB-400C-9FAF-475FD76EEE5B}.Release|Any CPU.Build.0 = Release|Any CPU
		{81C52B9A-C6DC-4975-BD34-3D1B29ABEBAB}.Debug|Any CPU.ActiveCfg = Debug|Any CPU
		{81C52B9A-C6DC-4975-BD34-3D1B29ABEBAB}.Debug|Any CPU.Build.0 = Debug|Any CPU
		{81C52B9A-C6DC-4975-BD34-3D1B29ABEBAB}.Release|Any CPU.ActiveCfg = Release|Any CPU
		{81C52B9A-C6DC-4975-BD34-3D1B29ABEBAB}.Release|Any CPU.Build.0 = Release|Any CPU
	EndGlobalSection
	GlobalSection(SolutionProperties) = preSolution
		HideSolutionNode = FALSE
	EndGlobalSection
	GlobalSection(ExtensibilityGlobals) = postSolution
		SolutionGuid = {DA254828-8F21-405F-A6D8-25E48776A7AB}
	EndGlobalSection
EndGlobal
